
Microsoft Visual Studio Solution File, Format Version 12.00
# Visual Studio Version 17
VisualStudioVersion = 17.1.32328.378
MinimumVisualStudioVersion = 10.0.40219.1
Project("{FAE04EC0-301F-11D3-BF4B-00C04F79EFBC}") = "GregorianCalender", "GregorianCalender.csproj", "{2056A239-F81A-45A6-909E-87962CF77B61}"
EndProject
Global
	GlobalSection(SolutionConfigurationPlatforms) = preSolution
		Debug|Any CPU = Debug|Any CPU
		Release|Any CPU = Release|Any CPU
	EndGlobalSection
	GlobalSection(ProjectConfigurationPlatforms) = postSolution
		{2056A239-F81A-45A6-909E-87962CF77B61}.Debug|Any CPU.ActiveCfg = Debug|Any CPU
		{2056A239-F81A-45A6-909E-87962CF77B61}.Debug|Any CPU.Build.0 = Debug|Any CPU
		{2056A239-F81A-45A6-909E-87962CF77B61}.Release|Any CPU.ActiveCfg = Release|Any CPU
		{2056A239-F81A-45A6-909E-87962CF77B61}.Release|Any CPU.Build.0 = Release|Any CPU
	EndGlobalSection
	GlobalSection(SolutionProperties) = preSolution
		HideSolutionNode = FALSE
	EndGlobalSection
	GlobalSection(ExtensibilityGlobals) = postSolution
		SolutionGuid = {C770855F-B05E-4420-B927-8A0A9DFB0D22}
	EndGlobalSection
EndGlobal
